
Microsoft Visual Studio Solution File, Format Version 12.00
# Visual Studio 15
VisualStudioVersion = 15.0.27130.2027
MinimumVisualStudioVersion = 10.0.40219.1
Project("{FAE04EC0-301F-11D3-BF4B-00C04F79EFBC}") = "SpotLightUWP", "SpotLightUWP\SpotLightUWP.csproj", "{4679EB2B-1764-42FF-BC86-8DC444AE845E}"
EndProject
Global
	GlobalSection(SolutionConfigurationPlatforms) = preSolution
		Debug|ARM = Debug|ARM
		Debug|x64 = Debug|x64
		Debug|x86 = Debug|x86
		Release|ARM = Release|ARM
		Release|x64 = Release|x64
		Release|x86 = Release|x86
	EndGlobalSection
	GlobalSection(ProjectConfigurationPlatforms) = postSolution
		{4679EB2B-1764-42FF-BC86-8DC444AE845E}.Debug|ARM.ActiveCfg = Debug|ARM
		{4679EB2B-1764-42FF-BC86-8DC444AE845E}.Debug|ARM.Build.0 = Debug|ARM
		{4679EB2B-1764-42FF-BC86-8DC444AE845E}.Debug|ARM.Deploy.0 = Debug|ARM
		{4679EB2B-1764-42FF-BC86-8DC444AE845E}.Debug|x64.ActiveCfg = Debug|x64
		{4679EB2B-1764-42FF-BC86-8DC444AE845E}.Debug|x64.Build.0 = Debug|x64
		{4679EB2B-1764-42FF-BC86-8DC444AE845E}.Debug|x64.Deploy.0 = Debug|x64
		{4679EB2B-1764-42FF-BC86-8DC444AE845E}.Debug|x86.ActiveCfg = Debug|x86
		{4679EB2B-1764-42FF-BC86-8DC444AE845E}.Debug|x86.Build.0 = Debug|x86
		{4679EB2B-1764-42FF-BC86-8DC444AE845E}.Debug|x86.Deploy.0 = Debug|x86
		{4679EB2B-1764-42FF-BC86-8DC444AE845E}.Release|ARM.ActiveCfg = Release|ARM
		{4679EB2B-1764-42FF-BC86-8DC444AE845E}.Release|ARM.Build.0 = Release|ARM
		{4679EB2B-1764-42FF-BC86-8DC444AE845E}.Release|ARM.Deploy.0 = Release|ARM
		{4679EB2B-1764-42FF-BC86-8DC444AE845E}.Release|x64.ActiveCfg = Release|x64
		{4679EB2B-1764-42FF-BC86-8DC444AE845E}.Release|x64.Build.0 = Release|x64
		{4679EB2B-1764-42FF-BC86-8DC444AE845E}.Release|x64.Deploy.0 = Release|x64
		{4679EB2B-1764-42FF-BC86-8DC444AE845E}.Release|x86.ActiveCfg = Release|x86
		{4679EB2B-1764-42FF-BC86-8DC444AE845E}.Release|x86.Build.0 = Release|x86
		{4679EB2B-1764-42FF-BC86-8DC444AE845E}.Release|x86.Deploy.0 = Release|x86
	EndGlobalSection
	GlobalSection(SolutionProperties) = preSolution
		HideSolutionNode = FALSE
	EndGlobalSection
	GlobalSection(ExtensibilityGlobals) = postSolution
		SolutionGuid = {1EA97670-B325-40B6-8F67-1C5F23D3C36C}
	EndGlobalSection
EndGlobal
